
Microsoft Visual Studio Solution File, Format Version 12.00
# Visual Studio 15
VisualStudioVersion = 15.0.28307.168
MinimumVisualStudioVersion = 10.0.40219.1
Project("{FAE04EC0-301F-11D3-BF4B-00C04F79EFBC}") = "ExaminingOptions", "ExaminingOptions\ExaminingOptions.csproj", "{1775C6C6-E33A-43E4-83B9-54D1B75B6219}"
EndProject
Project("{FAE04EC0-301F-11D3-BF4B-00C04F79EFBC}") = "ExaminingOptions.Lib", "ExaminingOptions.Lib\ExaminingOptions.Lib.csproj", "{1712DDBB-B8E8-417B-BD06-B8A421F737EA}"
EndProject
Project("{9A19103F-16F7-4668-BE54-9A1E7A4F7556}") = "ExaminingDependencyInjection.Lib", "..\ExaminingDependencyInjection\ExaminingDependencyInjection.Lib\ExaminingDependencyInjection.Lib.csproj", "{41AF3EA7-E6A3-4B77-8F69-0A9A29834326}"
EndProject
Global
	GlobalSection(SolutionConfigurationPlatforms) = preSolution
		Debug|Any CPU = Debug|Any CPU
		Release|Any CPU = Release|Any CPU
	EndGlobalSection
	GlobalSection(ProjectConfigurationPlatforms) = postSolution
		{1775C6C6-E33A-43E4-83B9-54D1B75B6219}.Debug|Any CPU.ActiveCfg = Debug|Any CPU
		{1775C6C6-E33A-43E4-83B9-54D1B75B6219}.Debug|Any CPU.Build.0 = Debug|Any CPU
		{1775C6C6-E33A-43E4-83B9-54D1B75B6219}.Release|Any CPU.ActiveCfg = Release|Any CPU
		{1775C6C6-E33A-43E4-83B9-54D1B75B6219}.Release|Any CPU.Build.0 = Release|Any CPU
		{1712DDBB-B8E8-417B-BD06-B8A421F737EA}.Debug|Any CPU.ActiveCfg = Debug|Any CPU
		{1712DDBB-B8E8-417B-BD06-B8A421F737EA}.Debug|Any CPU.Build.0 = Debug|Any CPU
		{1712DDBB-B8E8-417B-BD06-B8A421F737EA}.Release|Any CPU.ActiveCfg = Release|Any CPU
		{1712DDBB-B8E8-417B-BD06-B8A421F737EA}.Release|Any CPU.Build.0 = Release|Any CPU
		{41AF3EA7-E6A3-4B77-8F69-0A9A29834326}.Debug|Any CPU.ActiveCfg = Debug|Any CPU
		{41AF3EA7-E6A3-4B77-8F69-0A9A29834326}.Debug|Any CPU.Build.0 = Debug|Any CPU
		{41AF3EA7-E6A3-4B77-8F69-0A9A29834326}.Release|Any CPU.ActiveCfg = Release|Any CPU
		{41AF3EA7-E6A3-4B77-8F69-0A9A29834326}.Release|Any CPU.Build.0 = Release|Any CPU
	EndGlobalSection
	GlobalSection(SolutionProperties) = preSolution
		HideSolutionNode = FALSE
	EndGlobalSection
	GlobalSection(ExtensibilityGlobals) = postSolution
		SolutionGuid = {9B26AA23-6850-45CB-9885-30A7C63F18AC}
	EndGlobalSection
EndGlobal
