
Microsoft Visual Studio Solution File, Format Version 12.00
# Visual Studio 15
VisualStudioVersion = 15.0.26430.13
MinimumVisualStudioVersion = 10.0.40219.1
Project("{FAE04EC0-301F-11D3-BF4B-00C04F79EFBC}") = "Public.Math.Construction.VS2017", "Construction\Public.Math.Construction.VS2017.csproj", "{6CC89285-39A9-4AAF-8115-D5D8EB798073}"
EndProject
Project("{FAE04EC0-301F-11D3-BF4B-00C04F79EFBC}") = "Public.Common.Lib.Math.VS2017", "Lib.Math\Public.Common.Lib.Math.VS2017.csproj", "{FF3B6FFF-9B8A-4B35-B7A9-654719302113}"
EndProject
Global
	GlobalSection(SubversionScc) = preSolution
		Svn-Managed = True
		Manager = AnkhSVN - Subversion Support for Visual Studio
	EndGlobalSection
	GlobalSection(SolutionConfigurationPlatforms) = preSolution
		Debug|Any CPU = Debug|Any CPU
		Release|Any CPU = Release|Any CPU
	EndGlobalSection
	GlobalSection(ProjectConfigurationPlatforms) = postSolution
		{6CC89285-39A9-4AAF-8115-D5D8EB798073}.Debug|Any CPU.ActiveCfg = Debug|Any CPU
		{6CC89285-39A9-4AAF-8115-D5D8EB798073}.Debug|Any CPU.Build.0 = Debug|Any CPU
		{6CC89285-39A9-4AAF-8115-D5D8EB798073}.Release|Any CPU.ActiveCfg = Release|Any CPU
		{6CC89285-39A9-4AAF-8115-D5D8EB798073}.Release|Any CPU.Build.0 = Release|Any CPU
		{FF3B6FFF-9B8A-4B35-B7A9-654719302113}.Debug|Any CPU.ActiveCfg = Debug|Any CPU
		{FF3B6FFF-9B8A-4B35-B7A9-654719302113}.Debug|Any CPU.Build.0 = Debug|Any CPU
		{FF3B6FFF-9B8A-4B35-B7A9-654719302113}.Release|Any CPU.ActiveCfg = Release|Any CPU
		{FF3B6FFF-9B8A-4B35-B7A9-654719302113}.Release|Any CPU.Build.0 = Release|Any CPU
	EndGlobalSection
	GlobalSection(SolutionProperties) = preSolution
		HideSolutionNode = FALSE
	EndGlobalSection
EndGlobal
