
Microsoft Visual Studio Solution File, Format Version 12.00
# Visual Studio 2013
VisualStudioVersion = 12.0.21005.1
MinimumVisualStudioVersion = 10.0.40219.1
Project("{FAE04EC0-301F-11D3-BF4B-00C04F79EFBC}") = "Public.Common.Lib.Statistics.Construction.VS2013", "Construction/Public.Common.Lib.Statistics.Construction.VS2013.csproj", "{8C5618FB-8BAE-4560-93C0-BE9C96C1502E}"
EndProject
Project("{FAE04EC0-301F-11D3-BF4B-00C04F79EFBC}") = "Public.Common.Lib.Statistics.VS2013", "Lib.Statistics/Public.Common.Lib.Statistics.VS2013.csproj", "{4A729028-9B38-43AE-86F3-766EC5DFA869}"
EndProject
Global
	GlobalSection(SolutionConfigurationPlatforms) = preSolution
		Debug|Any CPU = Debug|Any CPU
		Release|Any CPU = Release|Any CPU
	EndGlobalSection
	GlobalSection(ProjectConfigurationPlatforms) = postSolution
		{8C5618FB-8BAE-4560-93C0-BE9C96C1502E}.Debug|Any CPU.ActiveCfg = Debug|Any CPU
		{8C5618FB-8BAE-4560-93C0-BE9C96C1502E}.Debug|Any CPU.Build.0 = Debug|Any CPU
		{8C5618FB-8BAE-4560-93C0-BE9C96C1502E}.Release|Any CPU.ActiveCfg = Release|Any CPU
		{8C5618FB-8BAE-4560-93C0-BE9C96C1502E}.Release|Any CPU.Build.0 = Release|Any CPU
		{4A729028-9B38-43AE-86F3-766EC5DFA869}.Debug|Any CPU.ActiveCfg = Debug|Any CPU
		{4A729028-9B38-43AE-86F3-766EC5DFA869}.Debug|Any CPU.Build.0 = Debug|Any CPU
		{4A729028-9B38-43AE-86F3-766EC5DFA869}.Release|Any CPU.ActiveCfg = Release|Any CPU
		{4A729028-9B38-43AE-86F3-766EC5DFA869}.Release|Any CPU.Build.0 = Release|Any CPU
	EndGlobalSection
	GlobalSection(SolutionProperties) = preSolution
		HideSolutionNode = FALSE
	EndGlobalSection
EndGlobal
