
Microsoft Visual Studio Solution File, Format Version 11.00
# Visual Studio 2010
Project("{FAE04EC0-301F-11D3-BF4B-00C04F79EFBC}") = "Public.Common.Lib.Code.Construction", "Construction\Public.Common.Lib.Code.Construction.VS2010.csproj", "{29003A48-0967-4BB2-8AA0-2CB58F0454F1}"
EndProject
Project("{FAE04EC0-301F-11D3-BF4B-00C04F79EFBC}") = "Public.Common.Lib.Code", "Lib.Code\Public.Common.Lib.Code.VS2010.csproj", "{FD507E5F-F561-41FC-B543-8FF7EF178FA7}"
EndProject
Project("{FAE04EC0-301F-11D3-BF4B-00C04F79EFBC}") = "Public.Common.Lib", "..\Lib\Lib\Public.Common.Lib.VS2010.csproj", "{FBB331C2-8103-4A45-86A4-C72BF3259A32}"
EndProject
Project("{FAE04EC0-301F-11D3-BF4B-00C04F79EFBC}") = "Public.Common.WindowsShell.VS2015", "..\WindowsShell\WindowsShell\Public.Common.WindowsShell.VS2010.csproj", "{3A83375A-2842-4E23-A89D-66DC0A147FF3}"
EndProject
Global
	GlobalSection(SolutionConfigurationPlatforms) = preSolution
		Debug|Any CPU = Debug|Any CPU
		Release|Any CPU = Release|Any CPU
	EndGlobalSection
	GlobalSection(ProjectConfigurationPlatforms) = postSolution
		{29003A48-0967-4BB2-8AA0-2CB58F0454F1}.Debug|Any CPU.ActiveCfg = Debug|Any CPU
		{29003A48-0967-4BB2-8AA0-2CB58F0454F1}.Debug|Any CPU.Build.0 = Debug|Any CPU
		{29003A48-0967-4BB2-8AA0-2CB58F0454F1}.Release|Any CPU.ActiveCfg = Release|Any CPU
		{29003A48-0967-4BB2-8AA0-2CB58F0454F1}.Release|Any CPU.Build.0 = Release|Any CPU
		{FD507E5F-F561-41FC-B543-8FF7EF178FA7}.Debug|Any CPU.ActiveCfg = Debug|Any CPU
		{FD507E5F-F561-41FC-B543-8FF7EF178FA7}.Debug|Any CPU.Build.0 = Debug|Any CPU
		{FD507E5F-F561-41FC-B543-8FF7EF178FA7}.Release|Any CPU.ActiveCfg = Release|Any CPU
		{FD507E5F-F561-41FC-B543-8FF7EF178FA7}.Release|Any CPU.Build.0 = Release|Any CPU
		{FBB331C2-8103-4A45-86A4-C72BF3259A32}.Debug|Any CPU.ActiveCfg = Debug|Any CPU
		{FBB331C2-8103-4A45-86A4-C72BF3259A32}.Debug|Any CPU.Build.0 = Debug|Any CPU
		{FBB331C2-8103-4A45-86A4-C72BF3259A32}.Release|Any CPU.ActiveCfg = Release|Any CPU
		{FBB331C2-8103-4A45-86A4-C72BF3259A32}.Release|Any CPU.Build.0 = Release|Any CPU
		{3A83375A-2842-4E23-A89D-66DC0A147FF3}.Debug|Any CPU.ActiveCfg = Debug|Any CPU
		{3A83375A-2842-4E23-A89D-66DC0A147FF3}.Debug|Any CPU.Build.0 = Debug|Any CPU
		{3A83375A-2842-4E23-A89D-66DC0A147FF3}.Release|Any CPU.ActiveCfg = Release|Any CPU
		{3A83375A-2842-4E23-A89D-66DC0A147FF3}.Release|Any CPU.Build.0 = Release|Any CPU
	EndGlobalSection
	GlobalSection(SolutionProperties) = preSolution
		HideSolutionNode = FALSE
	EndGlobalSection
EndGlobal
