
Microsoft Visual Studio Solution File, Format Version 11.00
# Visual Studio 2010
Project("{FAE04EC0-301F-11D3-BF4B-00C04F79EFBC}") = "Public.Common.Lib.Code.Construction.VS2010", "Construction\Public.Common.Lib.Code.Construction.VS2010.csproj", "{AE6ABA62-C338-45D6-9BC2-63AA3C31EC1D}"
EndProject
Project("{FAE04EC0-301F-11D3-BF4B-00C04F79EFBC}") = "Public.Common.Lib.Code.VS2010", "Lib.Code\Public.Common.Lib.Code.VS2010.csproj", "{94831367-4E37-4457-B041-843362F1C5E7}"
EndProject
Project("{FAE04EC0-301F-11D3-BF4B-00C04F79EFBC}") = "Public.Common.Lib.VS2010", "..\Lib\Lib\Public.Common.Lib.VS2010.csproj", "{40F1D161-F811-4575-B098-69F11EC05E1B}"
EndProject
Project("{FAE04EC0-301F-11D3-BF4B-00C04F79EFBC}") = "Public.Common.WindowsShell.VS2010", "..\WindowsShell\WindowsShell\Public.Common.WindowsShell.VS2010.csproj", "{AC4C2822-995C-4126-AF91-37DDEF37F1DB}"
EndProject
Global
	GlobalSection(SolutionConfigurationPlatforms) = preSolution
		Debug|Any CPU = Debug|Any CPU
		Release|Any CPU = Release|Any CPU
	EndGlobalSection
	GlobalSection(ProjectConfigurationPlatforms) = postSolution
		{AE6ABA62-C338-45D6-9BC2-63AA3C31EC1D}.Debug|Any CPU.ActiveCfg = Debug|Any CPU
		{AE6ABA62-C338-45D6-9BC2-63AA3C31EC1D}.Debug|Any CPU.Build.0 = Debug|Any CPU
		{AE6ABA62-C338-45D6-9BC2-63AA3C31EC1D}.Release|Any CPU.ActiveCfg = Release|Any CPU
		{AE6ABA62-C338-45D6-9BC2-63AA3C31EC1D}.Release|Any CPU.Build.0 = Release|Any CPU
		{94831367-4E37-4457-B041-843362F1C5E7}.Debug|Any CPU.ActiveCfg = Debug|Any CPU
		{94831367-4E37-4457-B041-843362F1C5E7}.Debug|Any CPU.Build.0 = Debug|Any CPU
		{94831367-4E37-4457-B041-843362F1C5E7}.Release|Any CPU.ActiveCfg = Release|Any CPU
		{94831367-4E37-4457-B041-843362F1C5E7}.Release|Any CPU.Build.0 = Release|Any CPU
		{40F1D161-F811-4575-B098-69F11EC05E1B}.Debug|Any CPU.ActiveCfg = Debug|Any CPU
		{40F1D161-F811-4575-B098-69F11EC05E1B}.Debug|Any CPU.Build.0 = Debug|Any CPU
		{40F1D161-F811-4575-B098-69F11EC05E1B}.Release|Any CPU.ActiveCfg = Release|Any CPU
		{40F1D161-F811-4575-B098-69F11EC05E1B}.Release|Any CPU.Build.0 = Release|Any CPU
		{AC4C2822-995C-4126-AF91-37DDEF37F1DB}.Debug|Any CPU.ActiveCfg = Debug|Any CPU
		{AC4C2822-995C-4126-AF91-37DDEF37F1DB}.Debug|Any CPU.Build.0 = Debug|Any CPU
		{AC4C2822-995C-4126-AF91-37DDEF37F1DB}.Release|Any CPU.ActiveCfg = Release|Any CPU
		{AC4C2822-995C-4126-AF91-37DDEF37F1DB}.Release|Any CPU.Build.0 = Release|Any CPU
	EndGlobalSection
	GlobalSection(SolutionProperties) = preSolution
		HideSolutionNode = FALSE
	EndGlobalSection
EndGlobal
