
Microsoft Visual Studio Solution File, Format Version 12.00
# Visual Studio 15
VisualStudioVersion = 15.0.27004.2002
MinimumVisualStudioVersion = 10.0.40219.1
Project("{FAE04EC0-301F-11D3-BF4B-00C04F79EFBC}") = "Eshunna", "Eshunna\Eshunna.csproj", "{14C2933A-A38F-422B-84C7-C62CEE1A438A}"
EndProject
Project("{FAE04EC0-301F-11D3-BF4B-00C04F79EFBC}") = "Public.Common.Lib", "..\..\..\Common\Libraries\Lib\Lib\Public.Common.Lib.csproj", "{B76FF3DB-E7EC-4B04-A51A-2958EA072645}"
EndProject
Project("{FAE04EC0-301F-11D3-BF4B-00C04F79EFBC}") = "Eshunna.Lib", "Eshunna.Lib\Eshunna.Lib.csproj", "{48417A3D-33E6-40D1-B907-21BF6B9CFDC1}"
EndProject
Project("{FAE04EC0-301F-11D3-BF4B-00C04F79EFBC}") = "Public.Malachite.Lib", "..\..\Libraries\Lib\Lib\Public.Malachite.Lib.csproj", "{E931FEBE-CDA4-4896-8C95-C0B92A32C51E}"
EndProject
Project("{FAE04EC0-301F-11D3-BF4B-00C04F79EFBC}") = "Public.Common.Lib.Visuals", "..\..\..\Common\Libraries\Lib.Visuals\Lib.Visuals\Public.Common.Lib.Visuals.csproj", "{D28CAE43-A1E4-4396-BB65-12C19DDBE764}"
EndProject
Project("{FAE04EC0-301F-11D3-BF4B-00C04F79EFBC}") = "Public.Common.Lib.Visuals.MSWindows", "..\..\..\Common\Libraries\Lib.Visuals\MSWindows\Public.Common.Lib.Visuals.MSWindows.csproj", "{981A0B90-77D5-4C90-8BA0-12320C2DDD90}"
EndProject
Project("{FAE04EC0-301F-11D3-BF4B-00C04F79EFBC}") = "Public.Common.Lib.Visuals.MetadataExtractor", "..\..\..\Common\Libraries\Lib.Visuals\MetadataExtractor\Public.Common.Lib.Visuals.MetadataExtractor.csproj", "{68061087-BFB5-44A4-AFD0-7AFF912F3191}"
EndProject
Project("{FAE04EC0-301F-11D3-BF4B-00C04F79EFBC}") = "Public.Common.Lib.Graphics", "..\..\..\Common\Libraries\Lib.Graphics\Lib.Graphics\Public.Common.Lib.Graphics.csproj", "{FB6379BA-BC67-40CB-854A-47990618C310}"
EndProject
Project("{FAE04EC0-301F-11D3-BF4B-00C04F79EFBC}") = "Public.Common.MATLAB", "..\..\..\Common\Libraries\MATLAB\MATLAB\Public.Common.MATLAB.csproj", "{7C0D5F11-A011-42B8-ADD4-22DE2A839E8D}"
EndProject
Project("{FAE04EC0-301F-11D3-BF4B-00C04F79EFBC}") = "Public.Common.Lib.Math", "..\..\..\Common\Libraries\Lib.Math\Lib.Math\Public.Common.Lib.Math.csproj", "{FF3B6FFF-9B8A-4B35-B7A9-654719302113}"
EndProject
Global
	GlobalSection(SolutionConfigurationPlatforms) = preSolution
		Debug|Any CPU = Debug|Any CPU
		Debug|x64 = Debug|x64
		Release|Any CPU = Release|Any CPU
		Release|x64 = Release|x64
	EndGlobalSection
	GlobalSection(ProjectConfigurationPlatforms) = postSolution
		{14C2933A-A38F-422B-84C7-C62CEE1A438A}.Debug|Any CPU.ActiveCfg = Debug|Any CPU
		{14C2933A-A38F-422B-84C7-C62CEE1A438A}.Debug|Any CPU.Build.0 = Debug|Any CPU
		{14C2933A-A38F-422B-84C7-C62CEE1A438A}.Debug|x64.ActiveCfg = Debug|Any CPU
		{14C2933A-A38F-422B-84C7-C62CEE1A438A}.Debug|x64.Build.0 = Debug|Any CPU
		{14C2933A-A38F-422B-84C7-C62CEE1A438A}.Release|Any CPU.ActiveCfg = Release|Any CPU
		{14C2933A-A38F-422B-84C7-C62CEE1A438A}.Release|Any CPU.Build.0 = Release|Any CPU
		{14C2933A-A38F-422B-84C7-C62CEE1A438A}.Release|x64.ActiveCfg = Release|Any CPU
		{14C2933A-A38F-422B-84C7-C62CEE1A438A}.Release|x64.Build.0 = Release|Any CPU
		{B76FF3DB-E7EC-4B04-A51A-2958EA072645}.Debug|Any CPU.ActiveCfg = Debug|Any CPU
		{B76FF3DB-E7EC-4B04-A51A-2958EA072645}.Debug|Any CPU.Build.0 = Debug|Any CPU
		{B76FF3DB-E7EC-4B04-A51A-2958EA072645}.Debug|x64.ActiveCfg = Debug|x64
		{B76FF3DB-E7EC-4B04-A51A-2958EA072645}.Debug|x64.Build.0 = Debug|x64
		{B76FF3DB-E7EC-4B04-A51A-2958EA072645}.Release|Any CPU.ActiveCfg = Release|Any CPU
		{B76FF3DB-E7EC-4B04-A51A-2958EA072645}.Release|Any CPU.Build.0 = Release|Any CPU
		{B76FF3DB-E7EC-4B04-A51A-2958EA072645}.Release|x64.ActiveCfg = Release|x64
		{B76FF3DB-E7EC-4B04-A51A-2958EA072645}.Release|x64.Build.0 = Release|x64
		{48417A3D-33E6-40D1-B907-21BF6B9CFDC1}.Debug|Any CPU.ActiveCfg = Debug|Any CPU
		{48417A3D-33E6-40D1-B907-21BF6B9CFDC1}.Debug|Any CPU.Build.0 = Debug|Any CPU
		{48417A3D-33E6-40D1-B907-21BF6B9CFDC1}.Debug|x64.ActiveCfg = Debug|Any CPU
		{48417A3D-33E6-40D1-B907-21BF6B9CFDC1}.Debug|x64.Build.0 = Debug|Any CPU
		{48417A3D-33E6-40D1-B907-21BF6B9CFDC1}.Release|Any CPU.ActiveCfg = Release|Any CPU
		{48417A3D-33E6-40D1-B907-21BF6B9CFDC1}.Release|Any CPU.Build.0 = Release|Any CPU
		{48417A3D-33E6-40D1-B907-21BF6B9CFDC1}.Release|x64.ActiveCfg = Release|Any CPU
		{48417A3D-33E6-40D1-B907-21BF6B9CFDC1}.Release|x64.Build.0 = Release|Any CPU
		{E931FEBE-CDA4-4896-8C95-C0B92A32C51E}.Debug|Any CPU.ActiveCfg = Debug|Any CPU
		{E931FEBE-CDA4-4896-8C95-C0B92A32C51E}.Debug|Any CPU.Build.0 = Debug|Any CPU
		{E931FEBE-CDA4-4896-8C95-C0B92A32C51E}.Debug|x64.ActiveCfg = Debug|Any CPU
		{E931FEBE-CDA4-4896-8C95-C0B92A32C51E}.Debug|x64.Build.0 = Debug|Any CPU
		{E931FEBE-CDA4-4896-8C95-C0B92A32C51E}.Release|Any CPU.ActiveCfg = Release|Any CPU
		{E931FEBE-CDA4-4896-8C95-C0B92A32C51E}.Release|Any CPU.Build.0 = Release|Any CPU
		{E931FEBE-CDA4-4896-8C95-C0B92A32C51E}.Release|x64.ActiveCfg = Release|Any CPU
		{E931FEBE-CDA4-4896-8C95-C0B92A32C51E}.Release|x64.Build.0 = Release|Any CPU
		{D28CAE43-A1E4-4396-BB65-12C19DDBE764}.Debug|Any CPU.ActiveCfg = Debug|Any CPU
		{D28CAE43-A1E4-4396-BB65-12C19DDBE764}.Debug|Any CPU.Build.0 = Debug|Any CPU
		{D28CAE43-A1E4-4396-BB65-12C19DDBE764}.Debug|x64.ActiveCfg = Debug|x64
		{D28CAE43-A1E4-4396-BB65-12C19DDBE764}.Debug|x64.Build.0 = Debug|x64
		{D28CAE43-A1E4-4396-BB65-12C19DDBE764}.Release|Any CPU.ActiveCfg = Release|Any CPU
		{D28CAE43-A1E4-4396-BB65-12C19DDBE764}.Release|Any CPU.Build.0 = Release|Any CPU
		{D28CAE43-A1E4-4396-BB65-12C19DDBE764}.Release|x64.ActiveCfg = Release|x64
		{D28CAE43-A1E4-4396-BB65-12C19DDBE764}.Release|x64.Build.0 = Release|x64
		{981A0B90-77D5-4C90-8BA0-12320C2DDD90}.Debug|Any CPU.ActiveCfg = Debug|Any CPU
		{981A0B90-77D5-4C90-8BA0-12320C2DDD90}.Debug|Any CPU.Build.0 = Debug|Any CPU
		{981A0B90-77D5-4C90-8BA0-12320C2DDD90}.Debug|x64.ActiveCfg = Debug|x64
		{981A0B90-77D5-4C90-8BA0-12320C2DDD90}.Debug|x64.Build.0 = Debug|x64
		{981A0B90-77D5-4C90-8BA0-12320C2DDD90}.Release|Any CPU.ActiveCfg = Release|Any CPU
		{981A0B90-77D5-4C90-8BA0-12320C2DDD90}.Release|Any CPU.Build.0 = Release|Any CPU
		{981A0B90-77D5-4C90-8BA0-12320C2DDD90}.Release|x64.ActiveCfg = Release|x64
		{981A0B90-77D5-4C90-8BA0-12320C2DDD90}.Release|x64.Build.0 = Release|x64
		{68061087-BFB5-44A4-AFD0-7AFF912F3191}.Debug|Any CPU.ActiveCfg = Debug|Any CPU
		{68061087-BFB5-44A4-AFD0-7AFF912F3191}.Debug|Any CPU.Build.0 = Debug|Any CPU
		{68061087-BFB5-44A4-AFD0-7AFF912F3191}.Debug|x64.ActiveCfg = Debug|Any CPU
		{68061087-BFB5-44A4-AFD0-7AFF912F3191}.Debug|x64.Build.0 = Debug|Any CPU
		{68061087-BFB5-44A4-AFD0-7AFF912F3191}.Release|Any CPU.ActiveCfg = Release|Any CPU
		{68061087-BFB5-44A4-AFD0-7AFF912F3191}.Release|Any CPU.Build.0 = Release|Any CPU
		{68061087-BFB5-44A4-AFD0-7AFF912F3191}.Release|x64.ActiveCfg = Release|Any CPU
		{68061087-BFB5-44A4-AFD0-7AFF912F3191}.Release|x64.Build.0 = Release|Any CPU
		{FB6379BA-BC67-40CB-854A-47990618C310}.Debug|Any CPU.ActiveCfg = Debug|Any CPU
		{FB6379BA-BC67-40CB-854A-47990618C310}.Debug|Any CPU.Build.0 = Debug|Any CPU
		{FB6379BA-BC67-40CB-854A-47990618C310}.Debug|x64.ActiveCfg = Debug|Any CPU
		{FB6379BA-BC67-40CB-854A-47990618C310}.Debug|x64.Build.0 = Debug|Any CPU
		{FB6379BA-BC67-40CB-854A-47990618C310}.Release|Any CPU.ActiveCfg = Release|Any CPU
		{FB6379BA-BC67-40CB-854A-47990618C310}.Release|Any CPU.Build.0 = Release|Any CPU
		{FB6379BA-BC67-40CB-854A-47990618C310}.Release|x64.ActiveCfg = Release|Any CPU
		{FB6379BA-BC67-40CB-854A-47990618C310}.Release|x64.Build.0 = Release|Any CPU
		{7C0D5F11-A011-42B8-ADD4-22DE2A839E8D}.Debug|Any CPU.ActiveCfg = Debug|Any CPU
		{7C0D5F11-A011-42B8-ADD4-22DE2A839E8D}.Debug|Any CPU.Build.0 = Debug|Any CPU
		{7C0D5F11-A011-42B8-ADD4-22DE2A839E8D}.Debug|x64.ActiveCfg = Debug|Any CPU
		{7C0D5F11-A011-42B8-ADD4-22DE2A839E8D}.Debug|x64.Build.0 = Debug|Any CPU
		{7C0D5F11-A011-42B8-ADD4-22DE2A839E8D}.Release|Any CPU.ActiveCfg = Release|Any CPU
		{7C0D5F11-A011-42B8-ADD4-22DE2A839E8D}.Release|Any CPU.Build.0 = Release|Any CPU
		{7C0D5F11-A011-42B8-ADD4-22DE2A839E8D}.Release|x64.ActiveCfg = Release|Any CPU
		{7C0D5F11-A011-42B8-ADD4-22DE2A839E8D}.Release|x64.Build.0 = Release|Any CPU
		{FF3B6FFF-9B8A-4B35-B7A9-654719302113}.Debug|Any CPU.ActiveCfg = Debug|Any CPU
		{FF3B6FFF-9B8A-4B35-B7A9-654719302113}.Debug|Any CPU.Build.0 = Debug|Any CPU
		{FF3B6FFF-9B8A-4B35-B7A9-654719302113}.Debug|x64.ActiveCfg = Debug|Any CPU
		{FF3B6FFF-9B8A-4B35-B7A9-654719302113}.Debug|x64.Build.0 = Debug|Any CPU
		{FF3B6FFF-9B8A-4B35-B7A9-654719302113}.Release|Any CPU.ActiveCfg = Release|Any CPU
		{FF3B6FFF-9B8A-4B35-B7A9-654719302113}.Release|Any CPU.Build.0 = Release|Any CPU
		{FF3B6FFF-9B8A-4B35-B7A9-654719302113}.Release|x64.ActiveCfg = Release|Any CPU
		{FF3B6FFF-9B8A-4B35-B7A9-654719302113}.Release|x64.Build.0 = Release|Any CPU
	EndGlobalSection
	GlobalSection(SolutionProperties) = preSolution
		HideSolutionNode = FALSE
	EndGlobalSection
	GlobalSection(ExtensibilityGlobals) = postSolution
		SolutionGuid = {5A6046FA-261A-4BBE-895A-B7AE8C6A64BB}
	EndGlobalSection
EndGlobal
