
Microsoft Visual Studio Solution File, Format Version 12.00
# Visual Studio 2013
VisualStudioVersion = 12.0.21005.1
MinimumVisualStudioVersion = 10.0.40219.1
Project("{FAE04EC0-301F-11D3-BF4B-00C04F79EFBC}") = "Public.Common.WindowsShell.Construction.VS2013", "Construction/Public.Common.WindowsShell.Construction.VS2013.csproj", "{25CA7E7B-ECBD-4F3C-972C-CC08506FFD3C}"
EndProject
Project("{FAE04EC0-301F-11D3-BF4B-00C04F79EFBC}") = "Public.Common.WindowsShell.VS2013", "WindowsShell/Public.Common.WindowsShell.VS2013.csproj", "{BD06291E-374B-476E-B514-49D582D52F25}"
EndProject
Project("{FAE04EC0-301F-11D3-BF4B-00C04F79EFBC}") = "Public.Common.Lib.VS2013", "../Lib/Lib/Public.Common.Lib.VS2013.csproj", "{C6B9AEE9-BFB7-4E2B-8AA5-E522CA65DC2F}"
EndProject
Global
	GlobalSection(SolutionConfigurationPlatforms) = preSolution
		Debug|Any CPU = Debug|Any CPU
		Release|Any CPU = Release|Any CPU
	EndGlobalSection
	GlobalSection(ProjectConfigurationPlatforms) = postSolution
		{25CA7E7B-ECBD-4F3C-972C-CC08506FFD3C}.Debug|Any CPU.ActiveCfg = Debug|Any CPU
		{25CA7E7B-ECBD-4F3C-972C-CC08506FFD3C}.Debug|Any CPU.Build.0 = Debug|Any CPU
		{25CA7E7B-ECBD-4F3C-972C-CC08506FFD3C}.Release|Any CPU.ActiveCfg = Release|Any CPU
		{25CA7E7B-ECBD-4F3C-972C-CC08506FFD3C}.Release|Any CPU.Build.0 = Release|Any CPU
		{BD06291E-374B-476E-B514-49D582D52F25}.Debug|Any CPU.ActiveCfg = Debug|Any CPU
		{BD06291E-374B-476E-B514-49D582D52F25}.Debug|Any CPU.Build.0 = Debug|Any CPU
		{BD06291E-374B-476E-B514-49D582D52F25}.Release|Any CPU.ActiveCfg = Release|Any CPU
		{BD06291E-374B-476E-B514-49D582D52F25}.Release|Any CPU.Build.0 = Release|Any CPU
		{C6B9AEE9-BFB7-4E2B-8AA5-E522CA65DC2F}.Debug|Any CPU.ActiveCfg = Debug|Any CPU
		{C6B9AEE9-BFB7-4E2B-8AA5-E522CA65DC2F}.Debug|Any CPU.Build.0 = Debug|Any CPU
		{C6B9AEE9-BFB7-4E2B-8AA5-E522CA65DC2F}.Release|Any CPU.ActiveCfg = Release|Any CPU
		{C6B9AEE9-BFB7-4E2B-8AA5-E522CA65DC2F}.Release|Any CPU.Build.0 = Release|Any CPU
	EndGlobalSection
	GlobalSection(SolutionProperties) = preSolution
		HideSolutionNode = FALSE
	EndGlobalSection
EndGlobal
