
Microsoft Visual Studio Solution File, Format Version 12.00
# Visual Studio 15
VisualStudioVersion = 15.0.28307.168
MinimumVisualStudioVersion = 10.0.40219.1
Project("{FAE04EC0-301F-11D3-BF4B-00C04F79EFBC}") = "ExaminingEntityFramework", "ExaminingEntityFramework\ExaminingEntityFramework.csproj", "{47582C97-CEB2-4C3F-BCF6-183595C06DED}"
EndProject
Project("{FAE04EC0-301F-11D3-BF4B-00C04F79EFBC}") = "ExaminingEntityFramework.Lib", "ExaminingEntityFramework.Lib\ExaminingEntityFramework.Lib.csproj", "{0D4D468F-67FE-4B30-9A69-0E7119BEE8BD}"
EndProject
Global
	GlobalSection(SolutionConfigurationPlatforms) = preSolution
		Debug|Any CPU = Debug|Any CPU
		Release|Any CPU = Release|Any CPU
	EndGlobalSection
	GlobalSection(ProjectConfigurationPlatforms) = postSolution
		{47582C97-CEB2-4C3F-BCF6-183595C06DED}.Debug|Any CPU.ActiveCfg = Debug|Any CPU
		{47582C97-CEB2-4C3F-BCF6-183595C06DED}.Debug|Any CPU.Build.0 = Debug|Any CPU
		{47582C97-CEB2-4C3F-BCF6-183595C06DED}.Release|Any CPU.ActiveCfg = Release|Any CPU
		{47582C97-CEB2-4C3F-BCF6-183595C06DED}.Release|Any CPU.Build.0 = Release|Any CPU
		{0D4D468F-67FE-4B30-9A69-0E7119BEE8BD}.Debug|Any CPU.ActiveCfg = Debug|Any CPU
		{0D4D468F-67FE-4B30-9A69-0E7119BEE8BD}.Debug|Any CPU.Build.0 = Debug|Any CPU
		{0D4D468F-67FE-4B30-9A69-0E7119BEE8BD}.Release|Any CPU.ActiveCfg = Release|Any CPU
		{0D4D468F-67FE-4B30-9A69-0E7119BEE8BD}.Release|Any CPU.Build.0 = Release|Any CPU
	EndGlobalSection
	GlobalSection(SolutionProperties) = preSolution
		HideSolutionNode = FALSE
	EndGlobalSection
	GlobalSection(ExtensibilityGlobals) = postSolution
		SolutionGuid = {AE85B8E7-8252-4C05-A1EE-6CA68DB4B68F}
	EndGlobalSection
EndGlobal
