
Microsoft Visual Studio Solution File, Format Version 12.00
# Visual Studio 15
VisualStudioVersion = 15.0.28307.168
MinimumVisualStudioVersion = 10.0.40219.1
Project("{FAE04EC0-301F-11D3-BF4B-00C04F79EFBC}") = "ExaminingDependencyInjection", "ExaminingDependencyInjection\ExaminingDependencyInjection.csproj", "{F1DF1B95-6FCE-49F7-AFAB-43A949D97058}"
EndProject
Project("{FAE04EC0-301F-11D3-BF4B-00C04F79EFBC}") = "ExaminingDependencyInjection.Lib", "ExaminingDependencyInjection.Lib\ExaminingDependencyInjection.Lib.csproj", "{B28CDA88-838D-4BB2-AD80-A1932198B72F}"
EndProject
Project("{9A19103F-16F7-4668-BE54-9A1E7A4F7556}") = "ExaminingClasses.Lib", "..\ExaminingClasses\ExaminingClasses.Lib\ExaminingClasses.Lib.csproj", "{59E1977D-D799-4856-8877-FD62E98F16B7}"
EndProject
Global
	GlobalSection(SolutionConfigurationPlatforms) = preSolution
		Debug|Any CPU = Debug|Any CPU
		Release|Any CPU = Release|Any CPU
	EndGlobalSection
	GlobalSection(ProjectConfigurationPlatforms) = postSolution
		{F1DF1B95-6FCE-49F7-AFAB-43A949D97058}.Debug|Any CPU.ActiveCfg = Debug|Any CPU
		{F1DF1B95-6FCE-49F7-AFAB-43A949D97058}.Debug|Any CPU.Build.0 = Debug|Any CPU
		{F1DF1B95-6FCE-49F7-AFAB-43A949D97058}.Release|Any CPU.ActiveCfg = Release|Any CPU
		{F1DF1B95-6FCE-49F7-AFAB-43A949D97058}.Release|Any CPU.Build.0 = Release|Any CPU
		{B28CDA88-838D-4BB2-AD80-A1932198B72F}.Debug|Any CPU.ActiveCfg = Debug|Any CPU
		{B28CDA88-838D-4BB2-AD80-A1932198B72F}.Debug|Any CPU.Build.0 = Debug|Any CPU
		{B28CDA88-838D-4BB2-AD80-A1932198B72F}.Release|Any CPU.ActiveCfg = Release|Any CPU
		{B28CDA88-838D-4BB2-AD80-A1932198B72F}.Release|Any CPU.Build.0 = Release|Any CPU
		{59E1977D-D799-4856-8877-FD62E98F16B7}.Debug|Any CPU.ActiveCfg = Debug|Any CPU
		{59E1977D-D799-4856-8877-FD62E98F16B7}.Debug|Any CPU.Build.0 = Debug|Any CPU
		{59E1977D-D799-4856-8877-FD62E98F16B7}.Release|Any CPU.ActiveCfg = Release|Any CPU
		{59E1977D-D799-4856-8877-FD62E98F16B7}.Release|Any CPU.Build.0 = Release|Any CPU
	EndGlobalSection
	GlobalSection(SolutionProperties) = preSolution
		HideSolutionNode = FALSE
	EndGlobalSection
	GlobalSection(ExtensibilityGlobals) = postSolution
		SolutionGuid = {269E779E-4FE2-43D7-933B-85931072E288}
	EndGlobalSection
EndGlobal
