
Microsoft Visual Studio Solution File, Format Version 12.00
# Visual Studio 15
VisualStudioVersion = 15.0.27004.2002
MinimumVisualStudioVersion = 10.0.40219.1
Project("{FAE04EC0-301F-11D3-BF4B-00C04F79EFBC}") = "Bullworth", "Bullworth\Bullworth.csproj", "{7260073F-2389-44D7-9E41-E0979D6BECC0}"
EndProject
Global
	GlobalSection(SolutionConfigurationPlatforms) = preSolution
		Debug|Any CPU = Debug|Any CPU
		Release|Any CPU = Release|Any CPU
	EndGlobalSection
	GlobalSection(ProjectConfigurationPlatforms) = postSolution
		{7260073F-2389-44D7-9E41-E0979D6BECC0}.Debug|Any CPU.ActiveCfg = Debug|Any CPU
		{7260073F-2389-44D7-9E41-E0979D6BECC0}.Debug|Any CPU.Build.0 = Debug|Any CPU
		{7260073F-2389-44D7-9E41-E0979D6BECC0}.Release|Any CPU.ActiveCfg = Release|Any CPU
		{7260073F-2389-44D7-9E41-E0979D6BECC0}.Release|Any CPU.Build.0 = Release|Any CPU
	EndGlobalSection
	GlobalSection(SolutionProperties) = preSolution
		HideSolutionNode = FALSE
	EndGlobalSection
	GlobalSection(ExtensibilityGlobals) = postSolution
		SolutionGuid = {6DDA853D-B606-4978-8DE7-23195E13D7C6}
	EndGlobalSection
EndGlobal
