
Microsoft Visual Studio Solution File, Format Version 12.00
# Visual Studio 15
VisualStudioVersion = 15.0.28307.168
MinimumVisualStudioVersion = 10.0.40219.1
Project("{FAE04EC0-301F-11D3-BF4B-00C04F79EFBC}") = "ExaminingComparisons", "ExaminingComparisons\ExaminingComparisons.csproj", "{872B211B-5276-449F-8714-A1946614E857}"
EndProject
Project("{9A19103F-16F7-4668-BE54-9A1E7A4F7556}") = "ExaminingClasses.Lib", "..\ExaminingClasses\ExaminingClasses.Lib\ExaminingClasses.Lib.csproj", "{87E3E5FD-F022-4689-9EFB-4DA747CB5F61}"
EndProject
Global
	GlobalSection(SolutionConfigurationPlatforms) = preSolution
		Debug|Any CPU = Debug|Any CPU
		Release|Any CPU = Release|Any CPU
	EndGlobalSection
	GlobalSection(ProjectConfigurationPlatforms) = postSolution
		{872B211B-5276-449F-8714-A1946614E857}.Debug|Any CPU.ActiveCfg = Debug|Any CPU
		{872B211B-5276-449F-8714-A1946614E857}.Debug|Any CPU.Build.0 = Debug|Any CPU
		{872B211B-5276-449F-8714-A1946614E857}.Release|Any CPU.ActiveCfg = Release|Any CPU
		{872B211B-5276-449F-8714-A1946614E857}.Release|Any CPU.Build.0 = Release|Any CPU
		{87E3E5FD-F022-4689-9EFB-4DA747CB5F61}.Debug|Any CPU.ActiveCfg = Debug|Any CPU
		{87E3E5FD-F022-4689-9EFB-4DA747CB5F61}.Debug|Any CPU.Build.0 = Debug|Any CPU
		{87E3E5FD-F022-4689-9EFB-4DA747CB5F61}.Release|Any CPU.ActiveCfg = Release|Any CPU
		{87E3E5FD-F022-4689-9EFB-4DA747CB5F61}.Release|Any CPU.Build.0 = Release|Any CPU
	EndGlobalSection
	GlobalSection(SolutionProperties) = preSolution
		HideSolutionNode = FALSE
	EndGlobalSection
	GlobalSection(ExtensibilityGlobals) = postSolution
		SolutionGuid = {25776DA9-512E-44B0-84A1-1258DB74F3D7}
	EndGlobalSection
EndGlobal
