
Microsoft Visual Studio Solution File, Format Version 12.00
# Visual Studio 15
VisualStudioVersion = 15.0.28307.168
MinimumVisualStudioVersion = 10.0.40219.1
Project("{FAE04EC0-301F-11D3-BF4B-00C04F79EFBC}") = "Demo01", "Demo01\Demo01.csproj", "{33F03837-B1EC-44C0-8C81-5432E2A5472C}"
EndProject
Global
	GlobalSection(SolutionConfigurationPlatforms) = preSolution
		Debug|Any CPU = Debug|Any CPU
		Release|Any CPU = Release|Any CPU
	EndGlobalSection
	GlobalSection(ProjectConfigurationPlatforms) = postSolution
		{33F03837-B1EC-44C0-8C81-5432E2A5472C}.Debug|Any CPU.ActiveCfg = Debug|Any CPU
		{33F03837-B1EC-44C0-8C81-5432E2A5472C}.Debug|Any CPU.Build.0 = Debug|Any CPU
		{33F03837-B1EC-44C0-8C81-5432E2A5472C}.Release|Any CPU.ActiveCfg = Release|Any CPU
		{33F03837-B1EC-44C0-8C81-5432E2A5472C}.Release|Any CPU.Build.0 = Release|Any CPU
	EndGlobalSection
	GlobalSection(SolutionProperties) = preSolution
		HideSolutionNode = FALSE
	EndGlobalSection
	GlobalSection(ExtensibilityGlobals) = postSolution
		SolutionGuid = {821A6B63-51C2-49D6-9E93-66DAB16E1760}
	EndGlobalSection
EndGlobal
