
Microsoft Visual Studio Solution File, Format Version 12.00
# Visual Studio 15
VisualStudioVersion = 15.0.26403.0
MinimumVisualStudioVersion = 10.0.40219.1
Project("{FAE04EC0-301F-11D3-BF4B-00C04F79EFBC}") = "Maynard.VS2017", "Maynard/Maynard.VS2017.csproj", "{CEB5E378-5402-49F5-8B91-A686A85E8B48}"
EndProject
Project("{FAE04EC0-301F-11D3-BF4B-00C04F79EFBC}") = "Maynard.Lib.VS2017", "Lib/Maynard.Lib.VS2017.csproj", "{6F9F7BE6-7400-4A6D-B330-E7F27A4CB1D7}"
EndProject
Global
	GlobalSection(SolutionConfigurationPlatforms) = preSolution
		Debug|Any CPU = Debug|Any CPU
		Release|Any CPU = Release|Any CPU
	EndGlobalSection
	GlobalSection(ProjectConfigurationPlatforms) = postSolution
		{CEB5E378-5402-49F5-8B91-A686A85E8B48}.Debug|Any CPU.ActiveCfg = Debug|Any CPU
		{CEB5E378-5402-49F5-8B91-A686A85E8B48}.Debug|Any CPU.Build.0 = Debug|Any CPU
		{CEB5E378-5402-49F5-8B91-A686A85E8B48}.Release|Any CPU.ActiveCfg = Release|Any CPU
		{CEB5E378-5402-49F5-8B91-A686A85E8B48}.Release|Any CPU.Build.0 = Release|Any CPU
		{6F9F7BE6-7400-4A6D-B330-E7F27A4CB1D7}.Debug|Any CPU.ActiveCfg = Debug|Any CPU
		{6F9F7BE6-7400-4A6D-B330-E7F27A4CB1D7}.Debug|Any CPU.Build.0 = Debug|Any CPU
		{6F9F7BE6-7400-4A6D-B330-E7F27A4CB1D7}.Release|Any CPU.ActiveCfg = Release|Any CPU
		{6F9F7BE6-7400-4A6D-B330-E7F27A4CB1D7}.Release|Any CPU.Build.0 = Release|Any CPU
	EndGlobalSection
	GlobalSection(SolutionProperties) = preSolution
		HideSolutionNode = FALSE
	EndGlobalSection
EndGlobal
