
Microsoft Visual Studio Solution File, Format Version 12.00
# Visual Studio 15
VisualStudioVersion = 15.0.26430.6
MinimumVisualStudioVersion = 10.0.40219.1
Project("{FAE04EC0-301F-11D3-BF4B-00C04F79EFBC}") = "Library", "Library\Library.csproj", "{5C7B10DE-F8A9-4C8E-A6A4-B5BCD2F2DB8A}"
EndProject
Project("{FAE04EC0-301F-11D3-BF4B-00C04F79EFBC}") = "TestLibrary", "TestLibrary\TestLibrary.csproj", "{01399EAD-E9F0-4F09-A7C9-4678E6E1854E}"
EndProject
Project("{FAE04EC0-301F-11D3-BF4B-00C04F79EFBC}") = "App", "App\App.csproj", "{687B5743-4CCB-4D08-AF47-488993595F74}"
EndProject
Global
	GlobalSection(SolutionConfigurationPlatforms) = preSolution
		Debug|Any CPU = Debug|Any CPU
		Release|Any CPU = Release|Any CPU
	EndGlobalSection
	GlobalSection(ProjectConfigurationPlatforms) = postSolution
		{5C7B10DE-F8A9-4C8E-A6A4-B5BCD2F2DB8A}.Debug|Any CPU.ActiveCfg = Debug|Any CPU
		{5C7B10DE-F8A9-4C8E-A6A4-B5BCD2F2DB8A}.Debug|Any CPU.Build.0 = Debug|Any CPU
		{5C7B10DE-F8A9-4C8E-A6A4-B5BCD2F2DB8A}.Release|Any CPU.ActiveCfg = Release|Any CPU
		{5C7B10DE-F8A9-4C8E-A6A4-B5BCD2F2DB8A}.Release|Any CPU.Build.0 = Release|Any CPU
		{01399EAD-E9F0-4F09-A7C9-4678E6E1854E}.Debug|Any CPU.ActiveCfg = Debug|Any CPU
		{01399EAD-E9F0-4F09-A7C9-4678E6E1854E}.Debug|Any CPU.Build.0 = Debug|Any CPU
		{01399EAD-E9F0-4F09-A7C9-4678E6E1854E}.Release|Any CPU.ActiveCfg = Release|Any CPU
		{01399EAD-E9F0-4F09-A7C9-4678E6E1854E}.Release|Any CPU.Build.0 = Release|Any CPU
		{687B5743-4CCB-4D08-AF47-488993595F74}.Debug|Any CPU.ActiveCfg = Debug|Any CPU
		{687B5743-4CCB-4D08-AF47-488993595F74}.Debug|Any CPU.Build.0 = Debug|Any CPU
		{687B5743-4CCB-4D08-AF47-488993595F74}.Release|Any CPU.ActiveCfg = Release|Any CPU
		{687B5743-4CCB-4D08-AF47-488993595F74}.Release|Any CPU.Build.0 = Release|Any CPU
	EndGlobalSection
	GlobalSection(SolutionProperties) = preSolution
		HideSolutionNode = FALSE
	EndGlobalSection
EndGlobal
