
Microsoft Visual Studio Solution File, Format Version 12.00
# Visual Studio 15
VisualStudioVersion = 15.0.28307.168
MinimumVisualStudioVersion = 10.0.40219.1
Project("{9A19103F-16F7-4668-BE54-9A1E7A4F7556}") = "ExaminingLogging", "ExaminingLogging\ExaminingLogging.csproj", "{8A5AD65C-AEC6-4197-9A4F-2682BB08E771}"
EndProject
Project("{9A19103F-16F7-4668-BE54-9A1E7A4F7556}") = "ExaminingLogging.Lib", "ExaminingLogging.Lib\ExaminingLogging.Lib.csproj", "{E3A2FDDF-68DE-4546-B3C9-A0C2C8E08F62}"
EndProject
Project("{9A19103F-16F7-4668-BE54-9A1E7A4F7556}") = "ExaminingDependencyInjection.Lib", "..\ExaminingDependencyInjection\ExaminingDependencyInjection.Lib\ExaminingDependencyInjection.Lib.csproj", "{27CFED25-18F2-4859-A4FC-B74E7BA5660B}"
EndProject
Project("{9A19103F-16F7-4668-BE54-9A1E7A4F7556}") = "ExaminingConfiguration.Lib", "..\ExaminingConfiguration\ExaminingConfiguration.Lib\ExaminingConfiguration.Lib.csproj", "{9F1409F0-524B-4198-9917-EE2A69D6CFE8}"
EndProject
Global
	GlobalSection(SolutionConfigurationPlatforms) = preSolution
		Debug|Any CPU = Debug|Any CPU
		Release|Any CPU = Release|Any CPU
	EndGlobalSection
	GlobalSection(ProjectConfigurationPlatforms) = postSolution
		{8A5AD65C-AEC6-4197-9A4F-2682BB08E771}.Debug|Any CPU.ActiveCfg = Debug|Any CPU
		{8A5AD65C-AEC6-4197-9A4F-2682BB08E771}.Debug|Any CPU.Build.0 = Debug|Any CPU
		{8A5AD65C-AEC6-4197-9A4F-2682BB08E771}.Release|Any CPU.ActiveCfg = Release|Any CPU
		{8A5AD65C-AEC6-4197-9A4F-2682BB08E771}.Release|Any CPU.Build.0 = Release|Any CPU
		{E3A2FDDF-68DE-4546-B3C9-A0C2C8E08F62}.Debug|Any CPU.ActiveCfg = Debug|Any CPU
		{E3A2FDDF-68DE-4546-B3C9-A0C2C8E08F62}.Debug|Any CPU.Build.0 = Debug|Any CPU
		{E3A2FDDF-68DE-4546-B3C9-A0C2C8E08F62}.Release|Any CPU.ActiveCfg = Release|Any CPU
		{E3A2FDDF-68DE-4546-B3C9-A0C2C8E08F62}.Release|Any CPU.Build.0 = Release|Any CPU
		{27CFED25-18F2-4859-A4FC-B74E7BA5660B}.Debug|Any CPU.ActiveCfg = Debug|Any CPU
		{27CFED25-18F2-4859-A4FC-B74E7BA5660B}.Debug|Any CPU.Build.0 = Debug|Any CPU
		{27CFED25-18F2-4859-A4FC-B74E7BA5660B}.Release|Any CPU.ActiveCfg = Release|Any CPU
		{27CFED25-18F2-4859-A4FC-B74E7BA5660B}.Release|Any CPU.Build.0 = Release|Any CPU
		{9F1409F0-524B-4198-9917-EE2A69D6CFE8}.Debug|Any CPU.ActiveCfg = Debug|Any CPU
		{9F1409F0-524B-4198-9917-EE2A69D6CFE8}.Debug|Any CPU.Build.0 = Debug|Any CPU
		{9F1409F0-524B-4198-9917-EE2A69D6CFE8}.Release|Any CPU.ActiveCfg = Release|Any CPU
		{9F1409F0-524B-4198-9917-EE2A69D6CFE8}.Release|Any CPU.Build.0 = Release|Any CPU
	EndGlobalSection
	GlobalSection(SolutionProperties) = preSolution
		HideSolutionNode = FALSE
	EndGlobalSection
	GlobalSection(ExtensibilityGlobals) = postSolution
		SolutionGuid = {C2B5AA44-9678-4CD4-9999-65FB6CF0E864}
	EndGlobalSection
EndGlobal
