
Microsoft Visual Studio Solution File, Format Version 12.00
# Visual Studio 15
VisualStudioVersion = 15.0.28307.168
MinimumVisualStudioVersion = 10.0.40219.1
Project("{FAE04EC0-301F-11D3-BF4B-00C04F79EFBC}") = "ExaminingEquals", "ExaminingEquals\ExaminingEquals.csproj", "{7BB691C8-4BBC-4B5C-BC93-26AC4AE428D8}"
EndProject
Project("{9A19103F-16F7-4668-BE54-9A1E7A4F7556}") = "ExaminingClasses.Lib", "..\ExaminingClasses\ExaminingClasses.Lib\ExaminingClasses.Lib.csproj", "{5215BDF9-BA8E-4333-8D44-4CF21A762EB5}"
EndProject
Global
	GlobalSection(SolutionConfigurationPlatforms) = preSolution
		Debug|Any CPU = Debug|Any CPU
		Release|Any CPU = Release|Any CPU
	EndGlobalSection
	GlobalSection(ProjectConfigurationPlatforms) = postSolution
		{7BB691C8-4BBC-4B5C-BC93-26AC4AE428D8}.Debug|Any CPU.ActiveCfg = Debug|Any CPU
		{7BB691C8-4BBC-4B5C-BC93-26AC4AE428D8}.Debug|Any CPU.Build.0 = Debug|Any CPU
		{7BB691C8-4BBC-4B5C-BC93-26AC4AE428D8}.Release|Any CPU.ActiveCfg = Release|Any CPU
		{7BB691C8-4BBC-4B5C-BC93-26AC4AE428D8}.Release|Any CPU.Build.0 = Release|Any CPU
		{5215BDF9-BA8E-4333-8D44-4CF21A762EB5}.Debug|Any CPU.ActiveCfg = Debug|Any CPU
		{5215BDF9-BA8E-4333-8D44-4CF21A762EB5}.Debug|Any CPU.Build.0 = Debug|Any CPU
		{5215BDF9-BA8E-4333-8D44-4CF21A762EB5}.Release|Any CPU.ActiveCfg = Release|Any CPU
		{5215BDF9-BA8E-4333-8D44-4CF21A762EB5}.Release|Any CPU.Build.0 = Release|Any CPU
	EndGlobalSection
	GlobalSection(SolutionProperties) = preSolution
		HideSolutionNode = FALSE
	EndGlobalSection
	GlobalSection(ExtensibilityGlobals) = postSolution
		SolutionGuid = {A383D5A0-4FD9-4CFA-AA0E-2CC75E0F45D2}
	EndGlobalSection
EndGlobal
