
Microsoft Visual Studio Solution File, Format Version 12.00
# Visual Studio 15
VisualStudioVersion = 15.0.26403.0
MinimumVisualStudioVersion = 10.0.40219.1
Project("{FAE04EC0-301F-11D3-BF4B-00C04F79EFBC}") = "Jules.VS2017", "Jules/Jules.VS2017.csproj", "{B5CF3349-DF5D-47EE-9264-4284C4D09CC0}"
EndProject
Project("{FAE04EC0-301F-11D3-BF4B-00C04F79EFBC}") = "Jules.Lib.VS2017", "Lib/Jules.Lib.VS2017.csproj", "{ECF18505-B21B-4264-B178-0DE2C5BCBF98}"
EndProject
Global
	GlobalSection(SolutionConfigurationPlatforms) = preSolution
		Debug|Any CPU = Debug|Any CPU
		Release|Any CPU = Release|Any CPU
	EndGlobalSection
	GlobalSection(ProjectConfigurationPlatforms) = postSolution
		{B5CF3349-DF5D-47EE-9264-4284C4D09CC0}.Debug|Any CPU.ActiveCfg = Debug|Any CPU
		{B5CF3349-DF5D-47EE-9264-4284C4D09CC0}.Debug|Any CPU.Build.0 = Debug|Any CPU
		{B5CF3349-DF5D-47EE-9264-4284C4D09CC0}.Release|Any CPU.ActiveCfg = Release|Any CPU
		{B5CF3349-DF5D-47EE-9264-4284C4D09CC0}.Release|Any CPU.Build.0 = Release|Any CPU
		{ECF18505-B21B-4264-B178-0DE2C5BCBF98}.Debug|Any CPU.ActiveCfg = Debug|Any CPU
		{ECF18505-B21B-4264-B178-0DE2C5BCBF98}.Debug|Any CPU.Build.0 = Debug|Any CPU
		{ECF18505-B21B-4264-B178-0DE2C5BCBF98}.Release|Any CPU.ActiveCfg = Release|Any CPU
		{ECF18505-B21B-4264-B178-0DE2C5BCBF98}.Release|Any CPU.Build.0 = Release|Any CPU
	EndGlobalSection
	GlobalSection(SolutionProperties) = preSolution
		HideSolutionNode = FALSE
	EndGlobalSection
EndGlobal
